// !$*UTF8*$!
{
	archiveVersion = 1;
	classes = {
	};
	objectVersion = 50;
	objects = {

/* Begin PBXBuildFile section */
		206593E32202F83C000E802C /* Constant.swift in Sources */ = {isa = PBXBuildFile; fileRef = 206593E22202F83C000E802C /* Constant.swift */; };
		207889EA22016B1A008D51A0 /* profile_icon.png in Resources */ = {isa = PBXBuildFile; fileRef = 207889E922016B19008D51A0 /* profile_icon.png */; };
		207FAFC32201477000324154 /* CustomTabBarController.swift in Sources */ = {isa = PBXBuildFile; fileRef = 207FAFC22201477000324154 /* CustomTabBarController.swift */; };
		207FAFC522014E6D00324154 /* ChatViewController.swift in Sources */ = {isa = PBXBuildFile; fileRef = 207FAFC422014E6D00324154 /* ChatViewController.swift */; };
		207FAFC722014E7F00324154 /* AccountViewController.swift in Sources */ = {isa = PBXBuildFile; fileRef = 207FAFC622014E7F00324154 /* AccountViewController.swift */; };
		2083E5492200AC4100CBA77D /* AppDelegate.swift in Sources */ = {isa = PBXBuildFile; fileRef = 2083E5482200AC4100CBA77D /* AppDelegate.swift */; };
		2083E54E2200AC4100CBA77D /* Main.storyboard in Resources */ = {isa = PBXBuildFile; fileRef = 2083E54C2200AC4100CBA77D /* Main.storyboard */; };
		2083E5512200AC4100CBA77D /* Graduation.xcdatamodeld in Sources */ = {isa = PBXBuildFile; fileRef = 2083E54F2200AC4100CBA77D /* Graduation.xcdatamodeld */; };
		2083E5532200AC4300CBA77D /* Assets.xcassets in Resources */ = {isa = PBXBuildFile; fileRef = 2083E5522200AC4300CBA77D /* Assets.xcassets */; };
		2083E5562200AC4300CBA77D /* LaunchScreen.storyboard in Resources */ = {isa = PBXBuildFile; fileRef = 2083E5542200AC4300CBA77D /* LaunchScreen.storyboard */; };
		2083E5612200AC4300CBA77D /* GraduationTests.swift in Sources */ = {isa = PBXBuildFile; fileRef = 2083E5602200AC4300CBA77D /* GraduationTests.swift */; };
		2083E56C2200AC4300CBA77D /* GraduationUITests.swift in Sources */ = {isa = PBXBuildFile; fileRef = 2083E56B2200AC4300CBA77D /* GraduationUITests.swift */; };
		2083E58E2200AE1B00CBA77D /* chat-icon.png in Resources */ = {isa = PBXBuildFile; fileRef = 2083E57B2200AE1900CBA77D /* chat-icon.png */; };
		2083E58F2200AE1B00CBA77D /* Advertise01.jpg in Resources */ = {isa = PBXBuildFile; fileRef = 2083E57C2200AE1900CBA77D /* Advertise01.jpg */; };
		2083E5902200AE1B00CBA77D /* room-icon.png in Resources */ = {isa = PBXBuildFile; fileRef = 2083E57D2200AE1A00CBA77D /* room-icon.png */; };
		2083E5912200AE1B00CBA77D /* search-icon-2.png in Resources */ = {isa = PBXBuildFile; fileRef = 2083E57E2200AE1A00CBA77D /* search-icon-2.png */; };
		2083E5922200AE1B00CBA77D /* Advertise03.jpg in Resources */ = {isa = PBXBuildFile; fileRef = 2083E57F2200AE1A00CBA77D /* Advertise03.jpg */; };
		2083E5932200AE1B00CBA77D /* flash-icon.png in Resources */ = {isa = PBXBuildFile; fileRef = 2083E5802200AE1A00CBA77D /* flash-icon.png */; };
		2083E5942200AE1B00CBA77D /* walking_human-icon.png in Resources */ = {isa = PBXBuildFile; fileRef = 2083E5812200AE1A00CBA77D /* walking_human-icon.png */; };
		2083E5992200AE1B00CBA77D /* Advertise02.jpg in Resources */ = {isa = PBXBuildFile; fileRef = 2083E5862200AE1A00CBA77D /* Advertise02.jpg */; };
		2083E59A2200AE1B00CBA77D /* map-icon.png in Resources */ = {isa = PBXBuildFile; fileRef = 2083E5872200AE1A00CBA77D /* map-icon.png */; };
		2083E59C2200AE1B00CBA77D /* Advertise04.jpg in Resources */ = {isa = PBXBuildFile; fileRef = 2083E5892200AE1B00CBA77D /* Advertise04.jpg */; };
		2083E59D2200AE1B00CBA77D /* around_me-icon.png in Resources */ = {isa = PBXBuildFile; fileRef = 2083E58A2200AE1B00CBA77D /* around_me-icon.png */; };
		2083E59E2200AE1B00CBA77D /* home-icon.png in Resources */ = {isa = PBXBuildFile; fileRef = 2083E58B2200AE1B00CBA77D /* home-icon.png */; };
		2083E5A22200AF4A00CBA77D /* MapViewController.swift in Sources */ = {isa = PBXBuildFile; fileRef = 2083E5A02200AF4A00CBA77D /* MapViewController.swift */; };
		2083E5A62200B25200CBA77D /* HomeViewController.swift in Sources */ = {isa = PBXBuildFile; fileRef = 2083E5A42200B25200CBA77D /* HomeViewController.swift */; };
/* End PBXBuildFile section */

/* Begin PBXContainerItemProxy section */
		2083E55D2200AC4300CBA77D /* PBXContainerItemProxy */ = {
			isa = PBXContainerItemProxy;
			containerPortal = 2083E53D2200AC4100CBA77D /* Project object */;
			proxyType = 1;
			remoteGlobalIDString = 2083E5442200AC4100CBA77D;
			remoteInfo = Graduation;
		};
		2083E5682200AC4300CBA77D /* PBXContainerItemProxy */ = {
			isa = PBXContainerItemProxy;
			containerPortal = 2083E53D2200AC4100CBA77D /* Project object */;
			proxyType = 1;
			remoteGlobalIDString = 2083E5442200AC4100CBA77D;
			remoteInfo = Graduation;
		};
/* End PBXContainerItemProxy section */

/* Begin PBXFileReference section */
		206593E22202F83C000E802C /* Constant.swift */ = {isa = PBXFileReference; lastKnownFileType = sourcecode.swift; path = Constant.swift; sourceTree = "<group>"; };
		207889E922016B19008D51A0 /* profile_icon.png */ = {isa = PBXFileReference; lastKnownFileType = image.png; path = profile_icon.png; sourceTree = "<group>"; };
		207FAFC22201477000324154 /* CustomTabBarController.swift */ = {isa = PBXFileReference; lastKnownFileType = sourcecode.swift; path = CustomTabBarController.swift; sourceTree = "<group>"; };
		207FAFC422014E6D00324154 /* ChatViewController.swift */ = {isa = PBXFileReference; lastKnownFileType = sourcecode.swift; path = ChatViewController.swift; sourceTree = "<group>"; };
		207FAFC622014E7F00324154 /* AccountViewController.swift */ = {isa = PBXFileReference; lastKnownFileType = sourcecode.swift; path = AccountViewController.swift; sourceTree = "<group>"; };
		2083E5452200AC4100CBA77D /* Graduation.app */ = {isa = PBXFileReference; explicitFileType = wrapper.application; includeInIndex = 0; path = Graduation.app; sourceTree = BUILT_PRODUCTS_DIR; };
		2083E5482200AC4100CBA77D /* AppDelegate.swift */ = {isa = PBXFileReference; lastKnownFileType = sourcecode.swift; path = AppDelegate.swift; sourceTree = "<group>"; };
		2083E54D2200AC4100CBA77D /* Base */ = {isa = PBXFileReference; lastKnownFileType = file.storyboard; name = Base; path = Base.lproj/Main.storyboard; sourceTree = "<group>"; };
		2083E5502200AC4100CBA77D /* Graduation.xcdatamodel */ = {isa = PBXFileReference; lastKnownFileType = wrapper.xcdatamodel; path = Graduation.xcdatamodel; sourceTree = "<group>"; };
		2083E5522200AC4300CBA77D /* Assets.xcassets */ = {isa = PBXFileReference; lastKnownFileType = folder.assetcatalog; path = Assets.xcassets; sourceTree = "<group>"; };
		2083E5552200AC4300CBA77D /* Base */ = {isa = PBXFileReference; lastKnownFileType = file.storyboard; name = Base; path = Base.lproj/LaunchScreen.storyboard; sourceTree = "<group>"; };
		2083E5572200AC4300CBA77D /* Info.plist */ = {isa = PBXFileReference; lastKnownFileType = text.plist.xml; path = Info.plist; sourceTree = "<group>"; };
		2083E55C2200AC4300CBA77D /* GraduationTests.xctest */ = {isa = PBXFileReference; explicitFileType = wrapper.cfbundle; includeInIndex = 0; path = GraduationTests.xctest; sourceTree = BUILT_PRODUCTS_DIR; };
		2083E5602200AC4300CBA77D /* GraduationTests.swift */ = {isa = PBXFileReference; lastKnownFileType = sourcecode.swift; path = GraduationTests.swift; sourceTree = "<group>"; };
		2083E5622200AC4300CBA77D /* Info.plist */ = {isa = PBXFileReference; lastKnownFileType = text.plist.xml; path = Info.plist; sourceTree = "<group>"; };
		2083E5672200AC4300CBA77D /* GraduationUITests.xctest */ = {isa = PBXFileReference; explicitFileType = wrapper.cfbundle; includeInIndex = 0; path = GraduationUITests.xctest; sourceTree = BUILT_PRODUCTS_DIR; };
		2083E56B2200AC4300CBA77D /* GraduationUITests.swift */ = {isa = PBXFileReference; lastKnownFileType = sourcecode.swift; path = GraduationUITests.swift; sourceTree = "<group>"; };
		2083E56D2200AC4300CBA77D /* Info.plist */ = {isa = PBXFileReference; lastKnownFileType = text.plist.xml; path = Info.plist; sourceTree = "<group>"; };
		2083E57B2200AE1900CBA77D /* chat-icon.png */ = {isa = PBXFileReference; lastKnownFileType = image.png; path = "chat-icon.png"; sourceTree = "<group>"; };
		2083E57C2200AE1900CBA77D /* Advertise01.jpg */ = {isa = PBXFileReference; lastKnownFileType = image.jpeg; path = Advertise01.jpg; sourceTree = "<group>"; };
		2083E57D2200AE1A00CBA77D /* room-icon.png */ = {isa = PBXFileReference; lastKnownFileType = image.png; path = "room-icon.png"; sourceTree = "<group>"; };
		2083E57E2200AE1A00CBA77D /* search-icon-2.png */ = {isa = PBXFileReference; lastKnownFileType = image.png; path = "search-icon-2.png"; sourceTree = "<group>"; };
		2083E57F2200AE1A00CBA77D /* Advertise03.jpg */ = {isa = PBXFileReference; lastKnownFileType = image.jpeg; path = Advertise03.jpg; sourceTree = "<group>"; };
		2083E5802200AE1A00CBA77D /* flash-icon.png */ = {isa = PBXFileReference; lastKnownFileType = image.png; path = "flash-icon.png"; sourceTree = "<group>"; };
		2083E5812200AE1A00CBA77D /* walking_human-icon.png */ = {isa = PBXFileReference; lastKnownFileType = image.png; path = "walking_human-icon.png"; sourceTree = "<group>"; };
		2083E5862200AE1A00CBA77D /* Advertise02.jpg */ = {isa = PBXFileReference; lastKnownFileType = image.jpeg; path = Advertise02.jpg; sourceTree = "<group>"; };
		2083E5872200AE1A00CBA77D /* map-icon.png */ = {isa = PBXFileReference; lastKnownFileType = image.png; path = "map-icon.png"; sourceTree = "<group>"; };
		2083E5892200AE1B00CBA77D /* Advertise04.jpg */ = {isa = PBXFileReference; lastKnownFileType = image.jpeg; path = Advertise04.jpg; sourceTree = "<group>"; };
		2083E58A2200AE1B00CBA77D /* around_me-icon.png */ = {isa = PBXFileReference; lastKnownFileType = image.png; path = "around_me-icon.png"; sourceTree = "<group>"; };
		2083E58B2200AE1B00CBA77D /* home-icon.png */ = {isa = PBXFileReference; lastKnownFileType = image.png; path = "home-icon.png"; sourceTree = "<group>"; };
		2083E5A02200AF4A00CBA77D /* MapViewController.swift */ = {isa = PBXFileReference; lastKnownFileType = sourcecode.swift; path = MapViewController.swift; sourceTree = "<group>"; };
		2083E5A42200B25200CBA77D /* HomeViewController.swift */ = {isa = PBXFileReference; lastKnownFileType = sourcecode.swift; path = HomeViewController.swift; sourceTree = "<group>"; };
/* End PBXFileReference section */

/* Begin PBXFrameworksBuildPhase section */
		2083E5422200AC4100CBA77D /* Frameworks */ = {
			isa = PBXFrameworksBuildPhase;
			buildActionMask = 2147483647;
			files = (
			);
			runOnlyForDeploymentPostprocessing = 0;
		};
		2083E5592200AC4300CBA77D /* Frameworks */ = {
			isa = PBXFrameworksBuildPhase;
			buildActionMask = 2147483647;
			files = (
			);
			runOnlyForDeploymentPostprocessing = 0;
		};
		2083E5642200AC4300CBA77D /* Frameworks */ = {
			isa = PBXFrameworksBuildPhase;
			buildActionMask = 2147483647;
			files = (
			);
			runOnlyForDeploymentPostprocessing = 0;
		};
/* End PBXFrameworksBuildPhase section */

/* Begin PBXGroup section */
		207FAFC0220146A700324154 /* nibs */ = {
			isa = PBXGroup;
			children = (
				2083E5542200AC4300CBA77D /* LaunchScreen.storyboard */,
				2083E54C2200AC4100CBA77D /* Main.storyboard */,
			);
			path = nibs;
			sourceTree = "<group>";
		};
		207FAFC12201471400324154 /* Controllers */ = {
			isa = PBXGroup;
			children = (
				2083E5482200AC4100CBA77D /* AppDelegate.swift */,
				207FAFC22201477000324154 /* CustomTabBarController.swift */,
				2083E5A42200B25200CBA77D /* HomeViewController.swift */,
				2083E5A02200AF4A00CBA77D /* MapViewController.swift */,
				207FAFC422014E6D00324154 /* ChatViewController.swift */,
				207FAFC622014E7F00324154 /* AccountViewController.swift */,
			);
			path = Controllers;
			sourceTree = "<group>";
		};
		2083E53C2200AC4100CBA77D = {
			isa = PBXGroup;
			children = (
				2083E5472200AC4100CBA77D /* Graduation */,
				2083E55F2200AC4300CBA77D /* GraduationTests */,
				2083E56A2200AC4300CBA77D /* GraduationUITests */,
				2083E5462200AC4100CBA77D /* Products */,
			);
			sourceTree = "<group>";
		};
		2083E5462200AC4100CBA77D /* Products */ = {
			isa = PBXGroup;
			children = (
				2083E5452200AC4100CBA77D /* Graduation.app */,
				2083E55C2200AC4300CBA77D /* GraduationTests.xctest */,
				2083E5672200AC4300CBA77D /* GraduationUITests.xctest */,
			);
			name = Products;
			sourceTree = "<group>";
		};
		2083E5472200AC4100CBA77D /* Graduation */ = {
			isa = PBXGroup;
			children = (
				2083E5792200ADF800CBA77D /* images */,
				207FAFC0220146A700324154 /* nibs */,
				207FAFC12201471400324154 /* Controllers */,
				2083E5522200AC4300CBA77D /* Assets.xcassets */,
				2083E5572200AC4300CBA77D /* Info.plist */,
				2083E54F2200AC4100CBA77D /* Graduation.xcdatamodeld */,
				206593E22202F83C000E802C /* Constant.swift */,
			);
			path = Graduation;
			sourceTree = "<group>";
		};
		2083E55F2200AC4300CBA77D /* GraduationTests */ = {
			isa = PBXGroup;
			children = (
				2083E5602200AC4300CBA77D /* GraduationTests.swift */,
				2083E5622200AC4300CBA77D /* Info.plist */,
			);
			path = GraduationTests;
			sourceTree = "<group>";
		};
		2083E56A2200AC4300CBA77D /* GraduationUITests */ = {
			isa = PBXGroup;
			children = (
				2083E56B2200AC4300CBA77D /* GraduationUITests.swift */,
				2083E56D2200AC4300CBA77D /* Info.plist */,
			);
			path = GraduationUITests;
			sourceTree = "<group>";
		};
		2083E5792200ADF800CBA77D /* images */ = {
			isa = PBXGroup;
			children = (
				207889E922016B19008D51A0 /* profile_icon.png */,
				2083E57C2200AE1900CBA77D /* Advertise01.jpg */,
				2083E5862200AE1A00CBA77D /* Advertise02.jpg */,
				2083E57F2200AE1A00CBA77D /* Advertise03.jpg */,
				2083E5892200AE1B00CBA77D /* Advertise04.jpg */,
				2083E58A2200AE1B00CBA77D /* around_me-icon.png */,
				2083E57B2200AE1900CBA77D /* chat-icon.png */,
				2083E5802200AE1A00CBA77D /* flash-icon.png */,
				2083E58B2200AE1B00CBA77D /* home-icon.png */,
				2083E5872200AE1A00CBA77D /* map-icon.png */,
				2083E57D2200AE1A00CBA77D /* room-icon.png */,
				2083E57E2200AE1A00CBA77D /* search-icon-2.png */,
				2083E5812200AE1A00CBA77D /* walking_human-icon.png */,
			);
			path = images;
			sourceTree = "<group>";
		};
/* End PBXGroup section */

/* Begin PBXNativeTarget section */
		2083E5442200AC4100CBA77D /* Graduation */ = {
			isa = PBXNativeTarget;
			buildConfigurationList = 2083E5702200AC4300CBA77D /* Build configuration list for PBXNativeTarget "Graduation" */;
			buildPhases = (
				2083E5412200AC4100CBA77D /* Sources */,
				2083E5422200AC4100CBA77D /* Frameworks */,
				2083E5432200AC4100CBA77D /* Resources */,
			);
			buildRules = (
			);
			dependencies = (
			);
			name = Graduation;
			productName = Graduation;
			productReference = 2083E5452200AC4100CBA77D /* Graduation.app */;
			productType = "com.apple.product-type.application";
		};
		2083E55B2200AC4300CBA77D /* GraduationTests */ = {
			isa = PBXNativeTarget;
			buildConfigurationList = 2083E5732200AC4300CBA77D /* Build configuration list for PBXNativeTarget "GraduationTests" */;
			buildPhases = (
				2083E5582200AC4300CBA77D /* Sources */,
				2083E5592200AC4300CBA77D /* Frameworks */,
				2083E55A2200AC4300CBA77D /* Resources */,
			);
			buildRules = (
			);
			dependencies = (
				2083E55E2200AC4300CBA77D /* PBXTargetDependency */,
			);
			name = GraduationTests;
			productName = GraduationTests;
			productReference = 2083E55C2200AC4300CBA77D /* GraduationTests.xctest */;
			productType = "com.apple.product-type.bundle.unit-test";
		};
		2083E5662200AC4300CBA77D /* GraduationUITests */ = {
			isa = PBXNativeTarget;
			buildConfigurationList = 2083E5762200AC4300CBA77D /* Build configuration list for PBXNativeTarget "GraduationUITests" */;
			buildPhases = (
				2083E5632200AC4300CBA77D /* Sources */,
				2083E5642200AC4300CBA77D /* Frameworks */,
				2083E5652200AC4300CBA77D /* Resources */,
			);
			buildRules = (
			);
			dependencies = (
				2083E5692200AC4300CBA77D /* PBXTargetDependency */,
			);
			name = GraduationUITests;
			productName = GraduationUITests;
			productReference = 2083E5672200AC4300CBA77D /* GraduationUITests.xctest */;
			productType = "com.apple.product-type.bundle.ui-testing";
		};
/* End PBXNativeTarget section */

/* Begin PBXProject section */
		2083E53D2200AC4100CBA77D /* Project object */ = {
			isa = PBXProject;
			attributes = {
				LastSwiftUpdateCheck = 1010;
				LastUpgradeCheck = 1010;
				ORGANIZATIONNAME = "Flint Pham";
				TargetAttributes = {
					2083E5442200AC4100CBA77D = {
						CreatedOnToolsVersion = 10.1;
					};
					2083E55B2200AC4300CBA77D = {
						CreatedOnToolsVersion = 10.1;
						TestTargetID = 2083E5442200AC4100CBA77D;
					};
					2083E5662200AC4300CBA77D = {
						CreatedOnToolsVersion = 10.1;
						TestTargetID = 2083E5442200AC4100CBA77D;
					};
				};
			};
			buildConfigurationList = 2083E5402200AC4100CBA77D /* Build configuration list for PBXProject "Graduation" */;
			compatibilityVersion = "Xcode 9.3";
			developmentRegion = en;
			hasScannedForEncodings = 0;
			knownRegions = (
				en,
				Base,
			);
			mainGroup = 2083E53C2200AC4100CBA77D;
			productRefGroup = 2083E5462200AC4100CBA77D /* Products */;
			projectDirPath = "";
			projectRoot = "";
			targets = (
				2083E5442200AC4100CBA77D /* Graduation */,
				2083E55B2200AC4300CBA77D /* GraduationTests */,
				2083E5662200AC4300CBA77D /* GraduationUITests */,
			);
		};
/* End PBXProject section */

/* Begin PBXResourcesBuildPhase section */
		2083E5432200AC4100CBA77D /* Resources */ = {
			isa = PBXResourcesBuildPhase;
			buildActionMask = 2147483647;
			files = (
				2083E5562200AC4300CBA77D /* LaunchScreen.storyboard in Resources */,
				2083E59E2200AE1B00CBA77D /* home-icon.png in Resources */,
				2083E5932200AE1B00CBA77D /* flash-icon.png in Resources */,
				2083E5532200AC4300CBA77D /* Assets.xcassets in Resources */,
				2083E59D2200AE1B00CBA77D /* around_me-icon.png in Resources */,
				2083E59A2200AE1B00CBA77D /* map-icon.png in Resources */,
				2083E5992200AE1B00CBA77D /* Advertise02.jpg in Resources */,
				2083E58E2200AE1B00CBA77D /* chat-icon.png in Resources */,
				2083E58F2200AE1B00CBA77D /* Advertise01.jpg in Resources */,
				2083E5942200AE1B00CBA77D /* walking_human-icon.png in Resources */,
				2083E5902200AE1B00CBA77D /* room-icon.png in Resources */,
				2083E54E2200AC4100CBA77D /* Main.storyboard in Resources */,
				207889EA22016B1A008D51A0 /* profile_icon.png in Resources */,
				2083E5922200AE1B00CBA77D /* Advertise03.jpg in Resources */,
				2083E5912200AE1B00CBA77D /* search-icon-2.png in Resources */,
				2083E59C2200AE1B00CBA77D /* Advertise04.jpg in Resources */,
			);
			runOnlyForDeploymentPostprocessing = 0;
		};
		2083E55A2200AC4300CBA77D /* Resources */ = {
			isa = PBXResourcesBuildPhase;
			buildActionMask = 2147483647;
			files = (
			);
			runOnlyForDeploymentPostprocessing = 0;
		};
		2083E5652200AC4300CBA77D /* Resources */ = {
			isa = PBXResourcesBuildPhase;
			buildActionMask = 2147483647;
			files = (
			);
			runOnlyForDeploymentPostprocessing = 0;
		};
/* End PBXResourcesBuildPhase section */

/* Begin PBXSourcesBuildPhase section */
		2083E5412200AC4100CBA77D /* Sources */ = {
			isa = PBXSourcesBuildPhase;
			buildActionMask = 2147483647;
			files = (
				2083E5A62200B25200CBA77D /* HomeViewController.swift in Sources */,
				207FAFC32201477000324154 /* CustomTabBarController.swift in Sources */,
				207FAFC722014E7F00324154 /* AccountViewController.swift in Sources */,
				206593E32202F83C000E802C /* Constant.swift in Sources */,
				2083E5512200AC4100CBA77D /* Graduation.xcdatamodeld in Sources */,
				2083E5492200AC4100CBA77D /* AppDelegate.swift in Sources */,
				207FAFC522014E6D00324154 /* ChatViewController.swift in Sources */,
				2083E5A22200AF4A00CBA77D /* MapViewController.swift in Sources */,
			);
			runOnlyForDeploymentPostprocessing = 0;
		};
		2083E5582200AC4300CBA77D /* Sources */ = {
			isa = PBXSourcesBuildPhase;
			buildActionMask = 2147483647;
			files = (
				2083E5612200AC4300CBA77D /* GraduationTests.swift in Sources */,
			);
			runOnlyForDeploymentPostprocessing = 0;
		};
		2083E5632200AC4300CBA77D /* Sources */ = {
			isa = PBXSourcesBuildPhase;
			buildActionMask = 2147483647;
			files = (
				2083E56C2200AC4300CBA77D /* GraduationUITests.swift in Sources */,
			);
			runOnlyForDeploymentPostprocessing = 0;
		};
/* End PBXSourcesBuildPhase section */

/* Begin PBXTargetDependency section */
		2083E55E2200AC4300CBA77D /* PBXTargetDependency */ = {
			isa = PBXTargetDependency;
			target = 2083E5442200AC4100CBA77D /* Graduation */;
			targetProxy = 2083E55D2200AC4300CBA77D /* PBXContainerItemProxy */;
		};
		2083E5692200AC4300CBA77D /* PBXTargetDependency */ = {
			isa = PBXTargetDependency;
			target = 2083E5442200AC4100CBA77D /* Graduation */;
			targetProxy = 2083E5682200AC4300CBA77D /* PBXContainerItemProxy */;
		};
/* End PBXTargetDependency section */

/* Begin PBXVariantGroup section */
		2083E54C2200AC4100CBA77D /* Main.storyboard */ = {
			isa = PBXVariantGroup;
			children = (
				2083E54D2200AC4100CBA77D /* Base */,
			);
			name = Main.storyboard;
			sourceTree = "<group>";
		};
		2083E5542200AC4300CBA77D /* LaunchScreen.storyboard */ = {
			isa = PBXVariantGroup;
			children = (
				2083E5552200AC4300CBA77D /* Base */,
			);
			name = LaunchScreen.storyboard;
			sourceTree = "<group>";
		};
/* End PBXVariantGroup section */

/* Begin XCBuildConfiguration section */
		2083E56E2200AC4300CBA77D /* Debug */ = {
			isa = XCBuildConfiguration;
			buildSettings = {
				ALWAYS_SEARCH_USER_PATHS = NO;
				CLANG_ANALYZER_NONNULL = YES;
				CLANG_ANALYZER_NUMBER_OBJECT_CONVERSION = YES_AGGRESSIVE;
				CLANG_CXX_LANGUAGE_STANDARD = "gnu++14";
				CLANG_CXX_LIBRARY = "libc++";
				CLANG_ENABLE_MODULES = YES;
				CLANG_ENABLE_OBJC_ARC = YES;
				CLANG_ENABLE_OBJC_WEAK = YES;
				CLANG_WARN_BLOCK_CAPTURE_AUTORELEASING = YES;
				CLANG_WARN_BOOL_CONVERSION = YES;
				CLANG_WARN_COMMA = YES;
				CLANG_WARN_CONSTANT_CONVERSION = YES;
				CLANG_WARN_DEPRECATED_OBJC_IMPLEMENTATIONS = YES;
				CLANG_WARN_DIRECT_OBJC_ISA_USAGE = YES_ERROR;
				CLANG_WARN_DOCUMENTATION_COMMENTS = YES;
				CLANG_WARN_EMPTY_BODY = YES;
				CLANG_WARN_ENUM_CONVERSION = YES;
				CLANG_WARN_INFINITE_RECURSION = YES;
				CLANG_WARN_INT_CONVERSION = YES;
				CLANG_WARN_NON_LITERAL_NULL_CONVERSION = YES;
				CLANG_WARN_OBJC_IMPLICIT_RETAIN_SELF = YES;
				CLANG_WARN_OBJC_LITERAL_CONVERSION = YES;
				CLANG_WARN_OBJC_ROOT_CLASS = YES_ERROR;
				CLANG_WARN_RANGE_LOOP_ANALYSIS = YES;
				CLANG_WARN_STRICT_PROTOTYPES = YES;
				CLANG_WARN_SUSPICIOUS_MOVE = YES;
				CLANG_WARN_UNGUARDED_AVAILABILITY = YES_AGGRESSIVE;
				CLANG_WARN_UNREACHABLE_CODE = YES;
				CLANG_WARN__DUPLICATE_METHOD_MATCH = YES;
				CODE_SIGN_IDENTITY = "iPhone Developer";
				COPY_PHASE_STRIP = NO;
				DEBUG_INFORMATION_FORMAT = dwarf;
				ENABLE_STRICT_OBJC_MSGSEND = YES;
				ENABLE_TESTABILITY = YES;
				GCC_C_LANGUAGE_STANDARD = gnu11;
				GCC_DYNAMIC_NO_PIC = NO;
				GCC_NO_COMMON_BLOCKS = YES;
				GCC_OPTIMIZATION_LEVEL = 0;
				GCC_PREPROCESSOR_DEFINITIONS = (
					"DEBUG=1",
					"$(inherited)",
				);
				GCC_WARN_64_TO_32_BIT_CONVERSION = YES;
				GCC_WARN_ABOUT_RETURN_TYPE = YES_ERROR;
				GCC_WARN_UNDECLARED_SELECTOR = YES;
				GCC_WARN_UNINITIALIZED_AUTOS = YES_AGGRESSIVE;
				GCC_WARN_UNUSED_FUNCTION = YES;
				GCC_WARN_UNUSED_VARIABLE = YES;
				IPHONEOS_DEPLOYMENT_TARGET = 12.1;
				MTL_ENABLE_DEBUG_INFO = INCLUDE_SOURCE;
				MTL_FAST_MATH = YES;
				ONLY_ACTIVE_ARCH = YES;
				SDKROOT = iphoneos;
				SWIFT_ACTIVE_COMPILATION_CONDITIONS = DEBUG;
				SWIFT_OPTIMIZATION_LEVEL = "-Onone";
			};
			name = Debug;
		};
		2083E56F2200AC4300CBA77D /* Release */ = {
			isa = XCBuildConfiguration;
			buildSettings = {
				ALWAYS_SEARCH_USER_PATHS = NO;
				CLANG_ANALYZER_NONNULL = YES;
				CLANG_ANALYZER_NUMBER_OBJECT_CONVERSION = YES_AGGRESSIVE;
				CLANG_CXX_LANGUAGE_STANDARD = "gnu++14";
				CLANG_CXX_LIBRARY = "libc++";
				CLANG_ENABLE_MODULES = YES;
				CLANG_ENABLE_OBJC_ARC = YES;
				CLANG_ENABLE_OBJC_WEAK = YES;
				CLANG_WARN_BLOCK_CAPTURE_AUTORELEASING = YES;
				CLANG_WARN_BOOL_CONVERSION = YES;
				CLANG_WARN_COMMA = YES;
				CLANG_WARN_CONSTANT_CONVERSION = YES;
				CLANG_WARN_DEPRECATED_OBJC_IMPLEMENTATIONS = YES;
				CLANG_WARN_DIRECT_OBJC_ISA_USAGE = YES_ERROR;
				CLANG_WARN_DOCUMENTATION_COMMENTS = YES;
				CLANG_WARN_EMPTY_BODY = YES;
				CLANG_WARN_ENUM_CONVERSION = YES;
				CLANG_WARN_INFINITE_RECURSION = YES;
				CLANG_WARN_INT_CONVERSION = YES;
				CLANG_WARN_NON_LITERAL_NULL_CONVERSION = YES;
				CLANG_WARN_OBJC_IMPLICIT_RETAIN_SELF = YES;
				CLANG_WARN_OBJC_LITERAL_CONVERSION = YES;
				CLANG_WARN_OBJC_ROOT_CLASS = YES_ERROR;
				CLANG_WARN_RANGE_LOOP_ANALYSIS = YES;
				CLANG_WARN_STRICT_PROTOTYPES = YES;
				CLANG_WARN_SUSPICIOUS_MOVE = YES;
				CLANG_WARN_UNGUARDED_AVAILABILITY = YES_AGGRESSIVE;
				CLANG_WARN_UNREACHABLE_CODE = YES;
				CLANG_WARN__DUPLICATE_METHOD_MATCH = YES;
				CODE_SIGN_IDENTITY = "iPhone Developer";
				COPY_PHASE_STRIP = NO;
				DEBUG_INFORMATION_FORMAT = "dwarf-with-dsym";
				ENABLE_NS_ASSERTIONS = NO;
				ENABLE_STRICT_OBJC_MSGSEND = YES;
				GCC_C_LANGUAGE_STANDARD = gnu11;
				GCC_NO_COMMON_BLOCKS = YES;
				GCC_WARN_64_TO_32_BIT_CONVERSION = YES;
				GCC_WARN_ABOUT_RETURN_TYPE = YES_ERROR;
				GCC_WARN_UNDECLARED_SELECTOR = YES;
				GCC_WARN_UNINITIALIZED_AUTOS = YES_AGGRESSIVE;
				GCC_WARN_UNUSED_FUNCTION = YES;
				GCC_WARN_UNUSED_VARIABLE = YES;
				IPHONEOS_DEPLOYMENT_TARGET = 12.1;
				MTL_ENABLE_DEBUG_INFO = NO;
				MTL_FAST_MATH = YES;
				SDKROOT = iphoneos;
				SWIFT_COMPILATION_MODE = wholemodule;
				SWIFT_OPTIMIZATION_LEVEL = "-O";
				VALIDATE_PRODUCT = YES;
			};
			name = Release;
		};
		2083E5712200AC4300CBA77D /* Debug */ = {
			isa = XCBuildConfiguration;
			buildSettings = {
				ASSETCATALOG_COMPILER_APPICON_NAME = AppIcon;
				CODE_SIGN_STYLE = Automatic;
				GCC_PREFIX_HEADER = Graduation/PrefixHeader.pch;
				INFOPLIST_FILE = Graduation/Info.plist;
				LD_RUNPATH_SEARCH_PATHS = (
					"$(inherited)",
					"@executable_path/Frameworks",
				);
				PRODUCT_BUNDLE_IDENTIFIER = FlintPham.Graduation;
				PRODUCT_NAME = "$(TARGET_NAME)";
				SWIFT_VERSION = 4.2;
				TARGETED_DEVICE_FAMILY = "1,2";
			};
			name = Debug;
		};
		2083E5722200AC4300CBA77D /* Release */ = {
			isa = XCBuildConfiguration;
			buildSettings = {
				ASSETCATALOG_COMPILER_APPICON_NAME = AppIcon;
				CODE_SIGN_STYLE = Automatic;
				GCC_PREFIX_HEADER = Graduation/PrefixHeader.pch;
				INFOPLIST_FILE = Graduation/Info.plist;
				LD_RUNPATH_SEARCH_PATHS = (
					"$(inherited)",
					"@executable_path/Frameworks",
				);
				PRODUCT_BUNDLE_IDENTIFIER = FlintPham.Graduation;
				PRODUCT_NAME = "$(TARGET_NAME)";
				SWIFT_VERSION = 4.2;
				TARGETED_DEVICE_FAMILY = "1,2";
			};
			name = Release;
		};
		2083E5742200AC4300CBA77D /* Debug */ = {
			isa = XCBuildConfiguration;
			buildSettings = {
				ALWAYS_EMBED_SWIFT_STANDARD_LIBRARIES = YES;
				BUNDLE_LOADER = "$(TEST_HOST)";
				CODE_SIGN_STYLE = Automatic;
				INFOPLIST_FILE = GraduationTests/Info.plist;
				LD_RUNPATH_SEARCH_PATHS = (
					"$(inherited)",
					"@executable_path/Frameworks",
					"@loader_path/Frameworks",
				);
				PRODUCT_BUNDLE_IDENTIFIER = FlintPham.GraduationTests;
				PRODUCT_NAME = "$(TARGET_NAME)";
				SWIFT_VERSION = 4.2;
				TARGETED_DEVICE_FAMILY = "1,2";
				TEST_HOST = "$(BUILT_PRODUCTS_DIR)/Graduation.app/Graduation";
			};
			name = Debug;
		};
		2083E5752200AC4300CBA77D /* Release */ = {
			isa = XCBuildConfiguration;
			buildSettings = {
				ALWAYS_EMBED_SWIFT_STANDARD_LIBRARIES = YES;
				BUNDLE_LOADER = "$(TEST_HOST)";
				CODE_SIGN_STYLE = Automatic;
				INFOPLIST_FILE = GraduationTests/Info.plist;
				LD_RUNPATH_SEARCH_PATHS = (
					"$(inherited)",
					"@executable_path/Frameworks",
					"@loader_path/Frameworks",
				);
				PRODUCT_BUNDLE_IDENTIFIER = FlintPham.GraduationTests;
				PRODUCT_NAME = "$(TARGET_NAME)";
				SWIFT_VERSION = 4.2;
				TARGETED_DEVICE_FAMILY = "1,2";
				TEST_HOST = "$(BUILT_PRODUCTS_DIR)/Graduation.app/Graduation";
			};
			name = Release;
		};
		2083E5772200AC4300CBA77D /* Debug */ = {
			isa = XCBuildConfiguration;
			buildSettings = {
				ALWAYS_EMBED_SWIFT_STANDARD_LIBRARIES = YES;
				CODE_SIGN_STYLE = Automatic;
				INFOPLIST_FILE = GraduationUITests/Info.plist;
				LD_RUNPATH_SEARCH_PATHS = (
					"$(inherited)",
					"@executable_path/Frameworks",
					"@loader_path/Frameworks",
				);
				PRODUCT_BUNDLE_IDENTIFIER = FlintPham.GraduationUITests;
				PRODUCT_NAME = "$(TARGET_NAME)";
				SWIFT_VERSION = 4.2;
				TARGETED_DEVICE_FAMILY = "1,2";
				TEST_TARGET_NAME = Graduation;
			};
			name = Debug;
		};
		2083E5782200AC4300CBA77D /* Release */ = {
			isa = XCBuildConfiguration;
			buildSettings = {
				ALWAYS_EMBED_SWIFT_STANDARD_LIBRARIES = YES;
				CODE_SIGN_STYLE = Automatic;
				INFOPLIST_FILE = GraduationUITests/Info.plist;
				LD_RUNPATH_SEARCH_PATHS = (
					"$(inherited)",
					"@executable_path/Frameworks",
					"@loader_path/Frameworks",
				);
				PRODUCT_BUNDLE_IDENTIFIER = FlintPham.GraduationUITests;
				PRODUCT_NAME = "$(TARGET_NAME)";
				SWIFT_VERSION = 4.2;
				TARGETED_DEVICE_FAMILY = "1,2";
				TEST_TARGET_NAME = Graduation;
			};
			name = Release;
		};
/* End XCBuildConfiguration section */

/* Begin XCConfigurationList section */
		2083E5402200AC4100CBA77D /* Build configuration list for PBXProject "Graduation" */ = {
			isa = XCConfigurationList;
			buildConfigurations = (
				2083E56E2200AC4300CBA77D /* Debug */,
				2083E56F2200AC4300CBA77D /* Release */,
			);
			defaultConfigurationIsVisible = 0;
			defaultConfigurationName = Release;
		};
		2083E5702200AC4300CBA77D /* Build configuration list for PBXNativeTarget "Graduation" */ = {
			isa = XCConfigurationList;
			buildConfigurations = (
				2083E5712200AC4300CBA77D /* Debug */,
				2083E5722200AC4300CBA77D /* Release */,
			);
			defaultConfigurationIsVisible = 0;
			defaultConfigurationName = Release;
		};
		2083E5732200AC4300CBA77D /* Build configuration list for PBXNativeTarget "GraduationTests" */ = {
			isa = XCConfigurationList;
			buildConfigurations = (
				2083E5742200AC4300CBA77D /* Debug */,
				2083E5752200AC4300CBA77D /* Release */,
			);
			defaultConfigurationIsVisible = 0;
			defaultConfigurationName = Release;
		};
		2083E5762200AC4300CBA77D /* Build configuration list for PBXNativeTarget "GraduationUITests" */ = {
			isa = XCConfigurationList;
			buildConfigurations = (
				2083E5772200AC4300CBA77D /* Debug */,
				2083E5782200AC4300CBA77D /* Release */,
			);
			defaultConfigurationIsVisible = 0;
			defaultConfigurationName = Release;
		};
/* End XCConfigurationList section */

/* Begin XCVersionGroup section */
		2083E54F2200AC4100CBA77D /* Graduation.xcdatamodeld */ = {
			isa = XCVersionGroup;
			children = (
				2083E5502200AC4100CBA77D /* Graduation.xcdatamodel */,
			);
			currentVersion = 2083E5502200AC4100CBA77D /* Graduation.xcdatamodel */;
			path = Graduation.xcdatamodeld;
			sourceTree = "<group>";
			versionGroupType = wrapper.xcdatamodel;
		};
/* End XCVersionGroup section */
	};
	rootObject = 2083E53D2200AC4100CBA77D /* Project object */;
}
